
Microsoft Visual Studio Solution File, Format Version 11.00
# Visual C++ Express 2010
Project("{8BC9CEB8-8B4A-11D0-8D11-00A0C91BC942}") = "Test deck", "Test deck\Test deck.vcxproj", "{72D3D995-8010-4E00-9D8F-884BB5F43E52}"
EndProject
Global
	GlobalSection(SolutionConfigurationPlatforms) = preSolution
		Debug|Win32 = Debug|Win32
		Release|Win32 = Release|Win32
	EndGlobalSection
	GlobalSection(ProjectConfigurationPlatforms) = postSolution
		{72D3D995-8010-4E00-9D8F-884BB5F43E52}.Debug|Win32.ActiveCfg = Debug|Win32
		{72D3D995-8010-4E00-9D8F-884BB5F43E52}.Debug|Win32.Build.0 = Debug|Win32
		{72D3D995-8010-4E00-9D8F-884BB5F43E52}.Release|Win32.ActiveCfg = Release|Win32
		{72D3D995-8010-4E00-9D8F-884BB5F43E52}.Release|Win32.Build.0 = Release|Win32
	EndGlobalSection
	GlobalSection(SolutionProperties) = preSolution
		HideSolutionNode = FALSE
	EndGlobalSection
EndGlobal
